
Microsoft Visual Studio Solution File, Format Version 12.00
# Visual Studio Version 17
VisualStudioVersion = 17.14.36212.18 d17.14
MinimumVisualStudioVersion = 10.0.40219.1
Project("{FAE04EC0-301F-11D3-BF4B-00C04F79EFBC}") = "Clicks", "Clicks.csproj", "{B51C774F-F6BA-4022-9D03-9D9DEA2AD8E9}"
EndProject
Global
	GlobalSection(SolutionConfigurationPlatforms) = preSolution
		Debug|Any CPU = Debug|Any CPU
		Release|Any CPU = Release|Any CPU
	EndGlobalSection
	GlobalSection(ProjectConfigurationPlatforms) = postSolution
		{B51C774F-F6BA-4022-9D03-9D9DEA2AD8E9}.Debug|Any CPU.ActiveCfg = Debug|Any CPU
		{B51C774F-F6BA-4022-9D03-9D9DEA2AD8E9}.Debug|Any CPU.Build.0 = Debug|Any CPU
		{B51C774F-F6BA-4022-9D03-9D9DEA2AD8E9}.Release|Any CPU.ActiveCfg = Release|Any CPU
		{B51C774F-F6BA-4022-9D03-9D9DEA2AD8E9}.Release|Any CPU.Build.0 = Release|Any CPU
	EndGlobalSection
	GlobalSection(SolutionProperties) = preSolution
		HideSolutionNode = FALSE
	EndGlobalSection
	GlobalSection(ExtensibilityGlobals) = postSolution
		SolutionGuid = {63148B76-0FC7-42A2-87F0-36E76B7A57F4}
	EndGlobalSection
EndGlobal
